// !$*UTF8*$!
{
	archiveVersion = 1;
	classes = {
	};
	objectVersion = 55;
	objects = {

/* Begin PBXBuildFile section */
		8D704FE82815DE11003BFAE6 /* StocksMenuBarApp.swift in Sources */ = {isa = PBXBuildFile; fileRef = 8D704FE72815DE11003BFAE6 /* StocksMenuBarApp.swift */; };
		8D704FEA2815DE11003BFAE6 /* ContentView.swift in Sources */ = {isa = PBXBuildFile; fileRef = 8D704FE92815DE11003BFAE6 /* ContentView.swift */; };
		8D704FEC2815DE12003BFAE6 /* Assets.xcassets in Resources */ = {isa = PBXBuildFile; fileRef = 8D704FEB2815DE12003BFAE6 /* Assets.xcassets */; };
		8D704FEF2815DE12003BFAE6 /* Preview Assets.xcassets in Resources */ = {isa = PBXBuildFile; fileRef = 8D704FEE2815DE12003BFAE6 /* Preview Assets.xcassets */; };
		8D704FF82815DE3F003BFAE6 /* Stock.swift in Sources */ = {isa = PBXBuildFile; fileRef = 8D704FF72815DE3F003BFAE6 /* Stock.swift */; };
		8D704FFB2815DE7D003BFAE6 /* Webservice.swift in Sources */ = {isa = PBXBuildFile; fileRef = 8D704FFA2815DE7D003BFAE6 /* Webservice.swift */; };
		8D704FFE2815DEED003BFAE6 /* StockListViewModel.swift in Sources */ = {isa = PBXBuildFile; fileRef = 8D704FFD2815DEED003BFAE6 /* StockListViewModel.swift */; };
		8D7050012815DF1A003BFAE6 /* Constants.swift in Sources */ = {isa = PBXBuildFile; fileRef = 8D7050002815DF1A003BFAE6 /* Constants.swift */; };
		8D7050042815E120003BFAE6 /* Double+Extensions.swift in Sources */ = {isa = PBXBuildFile; fileRef = 8D7050032815E120003BFAE6 /* Double+Extensions.swift */; };
/* End PBXBuildFile section */

/* Begin PBXFileReference section */
		8D704FE42815DE11003BFAE6 /* StocksMenuBar.app */ = {isa = PBXFileReference; explicitFileType = wrapper.application; includeInIndex = 0; path = StocksMenuBar.app; sourceTree = BUILT_PRODUCTS_DIR; };
		8D704FE72815DE11003BFAE6 /* StocksMenuBarApp.swift */ = {isa = PBXFileReference; lastKnownFileType = sourcecode.swift; path = StocksMenuBarApp.swift; sourceTree = "<group>"; };
		8D704FE92815DE11003BFAE6 /* ContentView.swift */ = {isa = PBXFileReference; lastKnownFileType = sourcecode.swift; path = ContentView.swift; sourceTree = "<group>"; };
		8D704FEB2815DE12003BFAE6 /* Assets.xcassets */ = {isa = PBXFileReference; lastKnownFileType = folder.assetcatalog; path = Assets.xcassets; sourceTree = "<group>"; };
		8D704FEE2815DE12003BFAE6 /* Preview Assets.xcassets */ = {isa = PBXFileReference; lastKnownFileType = folder.assetcatalog; path = "Preview Assets.xcassets"; sourceTree = "<group>"; };
		8D704FF02815DE12003BFAE6 /* StocksMenuBar.entitlements */ = {isa = PBXFileReference; lastKnownFileType = text.plist.entitlements; path = StocksMenuBar.entitlements; sourceTree = "<group>"; };
		8D704FF72815DE3F003BFAE6 /* Stock.swift */ = {isa = PBXFileReference; lastKnownFileType = sourcecode.swift; path = Stock.swift; sourceTree = "<group>"; };
		8D704FFA2815DE7D003BFAE6 /* Webservice.swift */ = {isa = PBXFileReference; lastKnownFileType = sourcecode.swift; path = Webservice.swift; sourceTree = "<group>"; };
		8D704FFD2815DEED003BFAE6 /* StockListViewModel.swift */ = {isa = PBXFileReference; lastKnownFileType = sourcecode.swift; path = StockListViewModel.swift; sourceTree = "<group>"; };
		8D7050002815DF1A003BFAE6 /* Constants.swift */ = {isa = PBXFileReference; lastKnownFileType = sourcecode.swift; path = Constants.swift; sourceTree = "<group>"; };
		8D7050032815E120003BFAE6 /* Double+Extensions.swift */ = {isa = PBXFileReference; lastKnownFileType = sourcecode.swift; path = "Double+Extensions.swift"; sourceTree = "<group>"; };
		8D7050052815E322003BFAE6 /* Info.plist */ = {isa = PBXFileReference; lastKnownFileType = text.plist; path = Info.plist; sourceTree = "<group>"; };
/* End PBXFileReference section */

/* Begin PBXFrameworksBuildPhase section */
		8D704FE12815DE11003BFAE6 /* Frameworks */ = {
			isa = PBXFrameworksBuildPhase;
			buildActionMask = 2147483647;
			files = (
			);
			runOnlyForDeploymentPostprocessing = 0;
		};
/* End PBXFrameworksBuildPhase section */

/* Begin PBXGroup section */
		8D704FDB2815DE11003BFAE6 = {
			isa = PBXGroup;
			children = (
				8D704FE62815DE11003BFAE6 /* StocksMenuBar */,
				8D704FE52815DE11003BFAE6 /* Products */,
			);
			sourceTree = "<group>";
		};
		8D704FE52815DE11003BFAE6 /* Products */ = {
			isa = PBXGroup;
			children = (
				8D704FE42815DE11003BFAE6 /* StocksMenuBar.app */,
			);
			name = Products;
			sourceTree = "<group>";
		};
		8D704FE62815DE11003BFAE6 /* StocksMenuBar */ = {
			isa = PBXGroup;
			children = (
				8D7050052815E322003BFAE6 /* Info.plist */,
				8D7050022815E10F003BFAE6 /* Extensions */,
				8D704FFF2815DF12003BFAE6 /* Utils */,
				8D704FFC2815DEDF003BFAE6 /* View Models */,
				8D704FF92815DE70003BFAE6 /* Services */,
				8D704FF62815DE35003BFAE6 /* Models */,
				8D704FE72815DE11003BFAE6 /* StocksMenuBarApp.swift */,
				8D704FE92815DE11003BFAE6 /* ContentView.swift */,
				8D704FEB2815DE12003BFAE6 /* Assets.xcassets */,
				8D704FF02815DE12003BFAE6 /* StocksMenuBar.entitlements */,
				8D704FED2815DE12003BFAE6 /* Preview Content */,
			);
			path = StocksMenuBar;
			sourceTree = "<group>";
		};
		8D704FED2815DE12003BFAE6 /* Preview Content */ = {
			isa = PBXGroup;
			children = (
				8D704FEE2815DE12003BFAE6 /* Preview Assets.xcassets */,
			);
			path = "Preview Content";
			sourceTree = "<group>";
		};
		8D704FF62815DE35003BFAE6 /* Models */ = {
			isa = PBXGroup;
			children = (
				8D704FF72815DE3F003BFAE6 /* Stock.swift */,
			);
			path = Models;
			sourceTree = "<group>";
		};
		8D704FF92815DE70003BFAE6 /* Services */ = {
			isa = PBXGroup;
			children = (
				8D704FFA2815DE7D003BFAE6 /* Webservice.swift */,
			);
			path = Services;
			sourceTree = "<group>";
		};
		8D704FFC2815DEDF003BFAE6 /* View Models */ = {
			isa = PBXGroup;
			children = (
				8D704FFD2815DEED003BFAE6 /* StockListViewModel.swift */,
			);
			path = "View Models";
			sourceTree = "<group>";
		};
		8D704FFF2815DF12003BFAE6 /* Utils */ = {
			isa = PBXGroup;
			children = (
				8D7050002815DF1A003BFAE6 /* Constants.swift */,
			);
			path = Utils;
			sourceTree = "<group>";
		};
		8D7050022815E10F003BFAE6 /* Extensions */ = {
			isa = PBXGroup;
			children = (
				8D7050032815E120003BFAE6 /* Double+Extensions.swift */,
			);
			path = Extensions;
			sourceTree = "<group>";
		};
/* End PBXGroup section */

/* Begin PBXNativeTarget section */
		8D704FE32815DE11003BFAE6 /* StocksMenuBar */ = {
			isa = PBXNativeTarget;
			buildConfigurationList = 8D704FF32815DE12003BFAE6 /* Build configuration list for PBXNativeTarget "StocksMenuBar" */;
			buildPhases = (
				8D704FE02815DE11003BFAE6 /* Sources */,
				8D704FE12815DE11003BFAE6 /* Frameworks */,
				8D704FE22815DE11003BFAE6 /* Resources */,
			);
			buildRules = (
			);
			dependencies = (
			);
			name = StocksMenuBar;
			productName = StocksMenuBar;
			productReference = 8D704FE42815DE11003BFAE6 /* StocksMenuBar.app */;
			productType = "com.apple.product-type.application";
		};
/* End PBXNativeTarget section */

/* Begin PBXProject section */
		8D704FDC2815DE11003BFAE6 /* Project object */ = {
			isa = PBXProject;
			attributes = {
				BuildIndependentTargetsInParallel = 1;
				LastSwiftUpdateCheck = 1330;
				LastUpgradeCheck = 1330;
				TargetAttributes = {
					8D704FE32815DE11003BFAE6 = {
						CreatedOnToolsVersion = 13.3;
					};
				};
			};
			buildConfigurationList = 8D704FDF2815DE11003BFAE6 /* Build configuration list for PBXProject "StocksMenuBar" */;
			compatibilityVersion = "Xcode 13.0";
			developmentRegion = en;
			hasScannedForEncodings = 0;
			knownRegions = (
				en,
				Base,
			);
			mainGroup = 8D704FDB2815DE11003BFAE6;
			productRefGroup = 8D704FE52815DE11003BFAE6 /* Products */;
			projectDirPath = "";
			projectRoot = "";
			targets = (
				8D704FE32815DE11003BFAE6 /* StocksMenuBar */,
			);
		};
/* End PBXProject section */

/* Begin PBXResourcesBuildPhase section */
		8D704FE22815DE11003BFAE6 /* Resources */ = {
			isa = PBXResourcesBuildPhase;
			buildActionMask = 2147483647;
			files = (
				8D704FEF2815DE12003BFAE6 /* Preview Assets.xcassets in Resources */,
				8D704FEC2815DE12003BFAE6 /* Assets.xcassets in Resources */,
			);
			runOnlyForDeploymentPostprocessing = 0;
		};
/* End PBXResourcesBuildPhase section */

/* Begin PBXSourcesBuildPhase section */
		8D704FE02815DE11003BFAE6 /* Sources */ = {
			isa = PBXSourcesBuildPhase;
			buildActionMask = 2147483647;
			files = (
				8D704FEA2815DE11003BFAE6 /* ContentView.swift in Sources */,
				8D704FE82815DE11003BFAE6 /* StocksMenuBarApp.swift in Sources */,
				8D7050042815E120003BFAE6 /* Double+Extensions.swift in Sources */,
				8D704FFB2815DE7D003BFAE6 /* Webservice.swift in Sources */,
				8D704FF82815DE3F003BFAE6 /* Stock.swift in Sources */,
				8D704FFE2815DEED003BFAE6 /* StockListViewModel.swift in Sources */,
				8D7050012815DF1A003BFAE6 /* Constants.swift in Sources */,
			);
			runOnlyForDeploymentPostprocessing = 0;
		};
/* End PBXSourcesBuildPhase section */

/* Begin XCBuildConfiguration section */
		8D704FF12815DE12003BFAE6 /* Debug */ = {
			isa = XCBuildConfiguration;
			buildSettings = {
				ALWAYS_SEARCH_USER_PATHS = NO;
				CLANG_ANALYZER_NONNULL = YES;
				CLANG_ANALYZER_NUMBER_OBJECT_CONVERSION = YES_AGGRESSIVE;
				CLANG_CXX_LANGUAGE_STANDARD = "gnu++17";
				CLANG_ENABLE_MODULES = YES;
				CLANG_ENABLE_OBJC_ARC = YES;
				CLANG_ENABLE_OBJC_WEAK = YES;
				CLANG_WARN_BLOCK_CAPTURE_AUTORELEASING = YES;
				CLANG_WARN_BOOL_CONVERSION = YES;
				CLANG_WARN_COMMA = YES;
				CLANG_WARN_CONSTANT_CONVERSION = YES;
				CLANG_WARN_DEPRECATED_OBJC_IMPLEMENTATIONS = YES;
				CLANG_WARN_DIRECT_OBJC_ISA_USAGE = YES_ERROR;
				CLANG_WARN_DOCUMENTATION_COMMENTS = YES;
				CLANG_WARN_EMPTY_BODY = YES;
				CLANG_WARN_ENUM_CONVERSION = YES;
				CLANG_WARN_INFINITE_RECURSION = YES;
				CLANG_WARN_INT_CONVERSION = YES;
				CLANG_WARN_NON_LITERAL_NULL_CONVERSION = YES;
				CLANG_WARN_OBJC_IMPLICIT_RETAIN_SELF = YES;
				CLANG_WARN_OBJC_LITERAL_CONVERSION = YES;
				CLANG_WARN_OBJC_ROOT_CLASS = YES_ERROR;
				CLANG_WARN_QUOTED_INCLUDE_IN_FRAMEWORK_HEADER = YES;
				CLANG_WARN_RANGE_LOOP_ANALYSIS = YES;
				CLANG_WARN_STRICT_PROTOTYPES = YES;
				CLANG_WARN_SUSPICIOUS_MOVE = YES;
				CLANG_WARN_UNGUARDED_AVAILABILITY = YES_AGGRESSIVE;
				CLANG_WARN_UNREACHABLE_CODE = YES;
				CLANG_WARN__DUPLICATE_METHOD_MATCH = YES;
				COPY_PHASE_STRIP = NO;
				DEBUG_INFORMATION_FORMAT = dwarf;
				ENABLE_STRICT_OBJC_MSGSEND = YES;
				ENABLE_TESTABILITY = YES;
				GCC_C_LANGUAGE_STANDARD = gnu11;
				GCC_DYNAMIC_NO_PIC = NO;
				GCC_NO_COMMON_BLOCKS = YES;
				GCC_OPTIMIZATION_LEVEL = 0;
				GCC_PREPROCESSOR_DEFINITIONS = (
					"DEBUG=1",
					"$(inherited)",
				);
				GCC_WARN_64_TO_32_BIT_CONVERSION = YES;
				GCC_WARN_ABOUT_RETURN_TYPE = YES_ERROR;
				GCC_WARN_UNDECLARED_SELECTOR = YES;
				GCC_WARN_UNINITIALIZED_AUTOS = YES_AGGRESSIVE;
				GCC_WARN_UNUSED_FUNCTION = YES;
				GCC_WARN_UNUSED_VARIABLE = YES;
				MACOSX_DEPLOYMENT_TARGET = 12.0;
				MTL_ENABLE_DEBUG_INFO = INCLUDE_SOURCE;
				MTL_FAST_MATH = YES;
				ONLY_ACTIVE_ARCH = YES;
				SDKROOT = macosx;
				SWIFT_ACTIVE_COMPILATION_CONDITIONS = DEBUG;
				SWIFT_OPTIMIZATION_LEVEL = "-Onone";
			};
			name = Debug;
		};
		8D704FF22815DE12003BFAE6 /* Release */ = {
			isa = XCBuildConfiguration;
			buildSettings = {
				ALWAYS_SEARCH_USER_PATHS = NO;
				CLANG_ANALYZER_NONNULL = YES;
				CLANG_ANALYZER_NUMBER_OBJECT_CONVERSION = YES_AGGRESSIVE;
				CLANG_CXX_LANGUAGE_STANDARD = "gnu++17";
				CLANG_ENABLE_MODULES = YES;
				CLANG_ENABLE_OBJC_ARC = YES;
				CLANG_ENABLE_OBJC_WEAK = YES;
				CLANG_WARN_BLOCK_CAPTURE_AUTORELEASING = YES;
				CLANG_WARN_BOOL_CONVERSION = YES;
				CLANG_WARN_COMMA = YES;
				CLANG_WARN_CONSTANT_CONVERSION = YES;
				CLANG_WARN_DEPRECATED_OBJC_IMPLEMENTATIONS = YES;
				CLANG_WARN_DIRECT_OBJC_ISA_USAGE = YES_ERROR;
				CLANG_WARN_DOCUMENTATION_COMMENTS = YES;
				CLANG_WARN_EMPTY_BODY = YES;
				CLANG_WARN_ENUM_CONVERSION = YES;
				CLANG_WARN_INFINITE_RECURSION = YES;
				CLANG_WARN_INT_CONVERSION = YES;
				CLANG_WARN_NON_LITERAL_NULL_CONVERSION = YES;
				CLANG_WARN_OBJC_IMPLICIT_RETAIN_SELF = YES;
				CLANG_WARN_OBJC_LITERAL_CONVERSION = YES;
				CLANG_WARN_OBJC_ROOT_CLASS = YES_ERROR;
				CLANG_WARN_QUOTED_INCLUDE_IN_FRAMEWORK_HEADER = YES;
				CLANG_WARN_RANGE_LOOP_ANALYSIS = YES;
				CLANG_WARN_STRICT_PROTOTYPES = YES;
				CLANG_WARN_SUSPICIOUS_MOVE = YES;
				CLANG_WARN_UNGUARDED_AVAILABILITY = YES_AGGRESSIVE;
				CLANG_WARN_UNREACHABLE_CODE = YES;
				CLANG_WARN__DUPLICATE_METHOD_MATCH = YES;
				COPY_PHASE_STRIP = NO;
				DEBUG_INFORMATION_FORMAT = "dwarf-with-dsym";
				ENABLE_NS_ASSERTIONS = NO;
				ENABLE_STRICT_OBJC_MSGSEND = YES;
				GCC_C_LANGUAGE_STANDARD = gnu11;
				GCC_NO_COMMON_BLOCKS = YES;
				GCC_WARN_64_TO_32_BIT_CONVERSION = YES;
				GCC_WARN_ABOUT_RETURN_TYPE = YES_ERROR;
				GCC_WARN_UNDECLARED_SELECTOR = YES;
				GCC_WARN_UNINITIALIZED_AUTOS = YES_AGGRESSIVE;
				GCC_WARN_UNUSED_FUNCTION = YES;
				GCC_WARN_UNUSED_VARIABLE = YES;
				MACOSX_DEPLOYMENT_TARGET = 12.0;
				MTL_ENABLE_DEBUG_INFO = NO;
				MTL_FAST_MATH = YES;
				SDKROOT = macosx;
				SWIFT_COMPILATION_MODE = wholemodule;
				SWIFT_OPTIMIZATION_LEVEL = "-O";
			};
			name = Release;
		};
		8D704FF42815DE12003BFAE6 /* Debug */ = {
			isa = XCBuildConfiguration;
			buildSettings = {
				ASSETCATALOG_COMPILER_APPICON_NAME = AppIcon;
				ASSETCATALOG_COMPILER_GLOBAL_ACCENT_COLOR_NAME = AccentColor;
				CODE_SIGN_ENTITLEMENTS = StocksMenuBar/StocksMenuBar.entitlements;
				CODE_SIGN_STYLE = Automatic;
				COMBINE_HIDPI_IMAGES = YES;
				CURRENT_PROJECT_VERSION = 1;
				DEVELOPMENT_ASSET_PATHS = "\"StocksMenuBar/Preview Content\"";
				DEVELOPMENT_TEAM = B2Q8EGNCQA;
				ENABLE_HARDENED_RUNTIME = YES;
				ENABLE_PREVIEWS = YES;
				GENERATE_INFOPLIST_FILE = YES;
				INFOPLIST_FILE = StocksMenuBar/Info.plist;
				INFOPLIST_KEY_NSHumanReadableCopyright = "";
				LD_RUNPATH_SEARCH_PATHS = (
					"$(inherited)",
					"@executable_path/../Frameworks",
				);
				MARKETING_VERSION = 1.0;
				PRODUCT_BUNDLE_IDENTIFIER = com.azamsharp.StocksMenuBar;
				PRODUCT_NAME = "$(TARGET_NAME)";
				SWIFT_EMIT_LOC_STRINGS = YES;
				SWIFT_VERSION = 5.0;
			};
			name = Debug;
		};
		8D704FF52815DE12003BFAE6 /* Release */ = {
			isa = XCBuildConfiguration;
			buildSettings = {
				ASSETCATALOG_COMPILER_APPICON_NAME = AppIcon;
				ASSETCATALOG_COMPILER_GLOBAL_ACCENT_COLOR_NAME = AccentColor;
				CODE_SIGN_ENTITLEMENTS = StocksMenuBar/StocksMenuBar.entitlements;
				CODE_SIGN_STYLE = Automatic;
				COMBINE_HIDPI_IMAGES = YES;
				CURRENT_PROJECT_VERSION = 1;
				DEVELOPMENT_ASSET_PATHS = "\"StocksMenuBar/Preview Content\"";
				DEVELOPMENT_TEAM = B2Q8EGNCQA;
				ENABLE_HARDENED_RUNTIME = YES;
				ENABLE_PREVIEWS = YES;
				GENERATE_INFOPLIST_FILE = YES;
				INFOPLIST_FILE = StocksMenuBar/Info.plist;
				INFOPLIST_KEY_NSHumanReadableCopyright = "";
				LD_RUNPATH_SEARCH_PATHS = (
					"$(inherited)",
					"@executable_path/../Frameworks",
				);
				MARKETING_VERSION = 1.0;
				PRODUCT_BUNDLE_IDENTIFIER = com.azamsharp.StocksMenuBar;
				PRODUCT_NAME = "$(TARGET_NAME)";
				SWIFT_EMIT_LOC_STRINGS = YES;
				SWIFT_VERSION = 5.0;
			};
			name = Release;
		};
/* End XCBuildConfiguration section */

/* Begin XCConfigurationList section */
		8D704FDF2815DE11003BFAE6 /* Build configuration list for PBXProject "StocksMenuBar" */ = {
			isa = XCConfigurationList;
			buildConfigurations = (
				8D704FF12815DE12003BFAE6 /* Debug */,
				8D704FF22815DE12003BFAE6 /* Release */,
			);
			defaultConfigurationIsVisible = 0;
			defaultConfigurationName = Release;
		};
		8D704FF32815DE12003BFAE6 /* Build configuration list for PBXNativeTarget "StocksMenuBar" */ = {
			isa = XCConfigurationList;
			buildConfigurations = (
				8D704FF42815DE12003BFAE6 /* Debug */,
				8D704FF52815DE12003BFAE6 /* Release */,
			);
			defaultConfigurationIsVisible = 0;
			defaultConfigurationName = Release;
		};
/* End XCConfigurationList section */
	};
	rootObject = 8D704FDC2815DE11003BFAE6 /* Project object */;
}
